
Microsoft Visual Studio Solution File, Format Version 12.00
# Visual Studio 15
VisualStudioVersion = 15.0.28307.271
MinimumVisualStudioVersion = 10.0.40219.1
Project("{FAE04EC0-301F-11D3-BF4B-00C04F79EFBC}") = "AlgoAppTesterLibrary", "AlgoAppTesterLibrary\AlgoAppTesterLibrary.csproj", "{2C02010A-DA46-45E6-947F-AC1034E7E2F8}"
EndProject
Project("{FAE04EC0-301F-11D3-BF4B-00C04F79EFBC}") = "AlgorithmAppUI", "AlgorithmAppUI\AlgorithmAppUI.csproj", "{7FCDCFF2-C783-41BF-862B-B3FE74D2C259}"
EndProject
Global
	GlobalSection(SolutionConfigurationPlatforms) = preSolution
		Debug|Any CPU = Debug|Any CPU
		Release|Any CPU = Release|Any CPU
	EndGlobalSection
	GlobalSection(ProjectConfigurationPlatforms) = postSolution
		{2C02010A-DA46-45E6-947F-AC1034E7E2F8}.Debug|Any CPU.ActiveCfg = Debug|Any CPU
		{2C02010A-DA46-45E6-947F-AC1034E7E2F8}.Debug|Any CPU.Build.0 = Debug|Any CPU
		{2C02010A-DA46-45E6-947F-AC1034E7E2F8}.Release|Any CPU.ActiveCfg = Release|Any CPU
		{2C02010A-DA46-45E6-947F-AC1034E7E2F8}.Release|Any CPU.Build.0 = Release|Any CPU
		{7FCDCFF2-C783-41BF-862B-B3FE74D2C259}.Debug|Any CPU.ActiveCfg = Debug|Any CPU
		{7FCDCFF2-C783-41BF-862B-B3FE74D2C259}.Debug|Any CPU.Build.0 = Debug|Any CPU
		{7FCDCFF2-C783-41BF-862B-B3FE74D2C259}.Release|Any CPU.ActiveCfg = Release|Any CPU
		{7FCDCFF2-C783-41BF-862B-B3FE74D2C259}.Release|Any CPU.Build.0 = Release|Any CPU
	EndGlobalSection
	GlobalSection(SolutionProperties) = preSolution
		HideSolutionNode = FALSE
	EndGlobalSection
	GlobalSection(ExtensibilityGlobals) = postSolution
		SolutionGuid = {AD0EB7ED-9651-4AE5-8874-74631C946499}
	EndGlobalSection
EndGlobal
